schema: '2.0'
stages:
  generate:
    cmd: python src/gen.py
    deps:
    - path: src/gen.py
      md5: b0a0b64a710045d458d65c74e848dbd3
      size: 796
    - path: src/generators.py
      md5: dee58fb6ad705852b62ef95b069f82b4
      size: 1717
    params:
      params.yaml:
        generate:
          r: 10
          r_loc:
          - -1.0
          - 1.0
          r_scale:
          - 0.1
          - 1.0
          n_train: 10000
          n_val: 1000
          n_test: 1000
        seed: 0
    outs:
    - path: data/dists.csv
      md5: 524b021ad9cea19fe65ea6d75259dbca
      size: 450
    - path: data/test.csv
      md5: 26cecde48c97579acd9d3a44e7ce05a2
      size: 26708
    - path: data/train.csv
      md5: f5d02749680a89788930926616b902fe
      size: 274670
    - path: data/val.csv
      md5: e433f4902fd7b511e44390eb1acf8166
      size: 26772
    - path: evaluation/test_stripplot.png
      md5: 9b73d9705ba15a60e7a8e9b69409337d
      size: 30618
    - path: evaluation/train_stripplot.png
      md5: 69b634d18940254eb5219c90ae1a93ed
      size: 25127
    - path: evaluation/val_stripplot.png
      md5: 9ccaa7f87f0bc7d27d321ee7e65f75e6
      size: 32603
